
Microsoft Visual Studio Solution File, Format Version 12.00
# Visual Studio 15
VisualStudioVersion = 15.0.28307.852
MinimumVisualStudioVersion = 10.0.40219.1
Project("{FAE04EC0-301F-11D3-BF4B-00C04F79EFBC}") = "InfomapAgentTreeTool", "WindowsFormsApp4\InfomapAgentTreeTool.csproj", "{1DD57960-90B3-458E-8A68-193B1E95D7C7}"
EndProject
Global
	GlobalSection(SolutionConfigurationPlatforms) = preSolution
		Debug|Any CPU = Debug|Any CPU
		Release|Any CPU = Release|Any CPU
	EndGlobalSection
	GlobalSection(ProjectConfigurationPlatforms) = postSolution
		{1DD57960-90B3-458E-8A68-193B1E95D7C7}.Debug|Any CPU.ActiveCfg = Debug|Any CPU
		{1DD57960-90B3-458E-8A68-193B1E95D7C7}.Debug|Any CPU.Build.0 = Debug|Any CPU
		{1DD57960-90B3-458E-8A68-193B1E95D7C7}.Release|Any CPU.ActiveCfg = Release|Any CPU
		{1DD57960-90B3-458E-8A68-193B1E95D7C7}.Release|Any CPU.Build.0 = Release|Any CPU
	EndGlobalSection
	GlobalSection(SolutionProperties) = preSolution
		HideSolutionNode = FALSE
	EndGlobalSection
	GlobalSection(ExtensibilityGlobals) = postSolution
		SolutionGuid = {D8DA8812-A9F2-4819-ADBE-39268D0F99C6}
	EndGlobalSection
EndGlobal
